
Microsoft Visual Studio Solution File, Format Version 12.00
# Visual Studio 15
VisualStudioVersion = 15.0.27703.2000
MinimumVisualStudioVersion = 10.0.40219.1
Project("{E6C563F2-BDC2-4A24-ACBF-01715157DCBB}") = "SampleStreamAnalyticsApplication", "SampleStreamAnalyticsApplication\SampleStreamAnalyticsApplication.asaproj", "{E229E305-BDCC-4D19-8A5A-85E9DB027369}"
EndProject
Global
	GlobalSection(SolutionConfigurationPlatforms) = preSolution
		Debug|Any CPU = Debug|Any CPU
		Release|Any CPU = Release|Any CPU
	EndGlobalSection
	GlobalSection(ProjectConfigurationPlatforms) = postSolution
		{E229E305-BDCC-4D19-8A5A-85E9DB027369}.Debug|Any CPU.ActiveCfg = Debug|Any CPU
		{E229E305-BDCC-4D19-8A5A-85E9DB027369}.Debug|Any CPU.Build.0 = Debug|Any CPU
		{E229E305-BDCC-4D19-8A5A-85E9DB027369}.Release|Any CPU.ActiveCfg = Release|Any CPU
		{E229E305-BDCC-4D19-8A5A-85E9DB027369}.Release|Any CPU.Build.0 = Release|Any CPU
	EndGlobalSection
	GlobalSection(SolutionProperties) = preSolution
		HideSolutionNode = FALSE
	EndGlobalSection
	GlobalSection(ExtensibilityGlobals) = postSolution
		SolutionGuid = {0AC9192C-E9A1-4DBA-8E97-C88D8469546F}
	EndGlobalSection
EndGlobal
